%{"alice": {:hex, :alice, "0.0.4"},
  "certifi": {:hex, :certifi, "0.3.0"},
  "connection": {:hex, :connection, "1.0.2"},
  "exjsx": {:hex, :exjsx, "3.1.0"},
  "hackney": {:hex, :hackney, "1.4.8"},
  "httpoison": {:hex, :httpoison, "0.8.1"},
  "idna": {:hex, :idna, "1.0.3"},
  "jsx": {:hex, :jsx, "2.4.0"},
  "mimerl": {:hex, :mimerl, "1.0.2"},
  "poison": {:hex, :poison, "2.0.1"},
  "poolboy": {:hex, :poolboy, "1.5.1"},
  "redix": {:hex, :redix, "0.3.4"},
  "slack": {:hex, :slack, "0.4.1"},
  "ssl_verify_hostname": {:hex, :ssl_verify_hostname, "1.0.5"},
  "websocket_client": {:git, "https://github.com/jeremyong/websocket_client.git", "f6892c8b55004008ce2d52be7d98b156f3e34569", []}}
